
Microsoft Visual Studio Solution File, Format Version 12.00
# Visual Studio Version 17
VisualStudioVersion = 17.5.002.0
MinimumVisualStudioVersion = 10.0.40219.1
Project("{9A19103F-16F7-4668-BE54-9A1E7A4F7556}") = "leave-webapp", "leave-webapp.csproj", "{0DF9CCC7-4B9F-479C-A3AE-685BE740F43C}"
EndProject
Global
	GlobalSection(SolutionConfigurationPlatforms) = preSolution
		Debug|Any CPU = Debug|Any CPU
		Release|Any CPU = Release|Any CPU
	EndGlobalSection
	GlobalSection(ProjectConfigurationPlatforms) = postSolution
		{0DF9CCC7-4B9F-479C-A3AE-685BE740F43C}.Debug|Any CPU.ActiveCfg = Debug|Any CPU
		{0DF9CCC7-4B9F-479C-A3AE-685BE740F43C}.Debug|Any CPU.Build.0 = Debug|Any CPU
		{0DF9CCC7-4B9F-479C-A3AE-685BE740F43C}.Release|Any CPU.ActiveCfg = Release|Any CPU
		{0DF9CCC7-4B9F-479C-A3AE-685BE740F43C}.Release|Any CPU.Build.0 = Release|Any CPU
	EndGlobalSection
	GlobalSection(SolutionProperties) = preSolution
		HideSolutionNode = FALSE
	EndGlobalSection
	GlobalSection(ExtensibilityGlobals) = postSolution
		SolutionGuid = {A86B2AAE-9AD8-4CAF-8464-E1BF6042E3FA}
	EndGlobalSection
EndGlobal
